
Microsoft Visual Studio Solution File, Format Version 12.00
# Visual Studio Version 16
VisualStudioVersion = 16.0.30804.86
MinimumVisualStudioVersion = 15.0.26124.0
Project("{9A19103F-16F7-4668-BE54-9A1E7A4F7556}") = "IdentityServer", "IdentityServer\IdentityServer.csproj", "{AC45A0F8-4218-44CD-AEED-75A6DA5F2D94}"
EndProject
Project("{9A19103F-16F7-4668-BE54-9A1E7A4F7556}") = "Api", "Api\Api.csproj", "{71A6CF12-4081-4840-991D-8896A97A3DD4}"
EndProject
Project("{FAE04EC0-301F-11D3-BF4B-00C04F79EFBC}") = "client", "client\client.csproj", "{0BD72019-7E6E-4ED2-82CB-316E8C92BB8E}"
EndProject
Project("{FAE04EC0-301F-11D3-BF4B-00C04F79EFBC}") = "IdentityServer.tests", "IdentityServer.tests\IdentityServer.tests.csproj", "{5CB8E28E-E81E-4316-8910-FFC9E5DE8929}"
EndProject
Global
	GlobalSection(SolutionConfigurationPlatforms) = preSolution
		Debug|Any CPU = Debug|Any CPU
		Debug|x64 = Debug|x64
		Debug|x86 = Debug|x86
		Release|Any CPU = Release|Any CPU
		Release|x64 = Release|x64
		Release|x86 = Release|x86
	EndGlobalSection
	GlobalSection(ProjectConfigurationPlatforms) = postSolution
		{AC45A0F8-4218-44CD-AEED-75A6DA5F2D94}.Debug|Any CPU.ActiveCfg = Debug|Any CPU
		{AC45A0F8-4218-44CD-AEED-75A6DA5F2D94}.Debug|Any CPU.Build.0 = Debug|Any CPU
		{AC45A0F8-4218-44CD-AEED-75A6DA5F2D94}.Debug|x64.ActiveCfg = Debug|Any CPU
		{AC45A0F8-4218-44CD-AEED-75A6DA5F2D94}.Debug|x64.Build.0 = Debug|Any CPU
		{AC45A0F8-4218-44CD-AEED-75A6DA5F2D94}.Debug|x86.ActiveCfg = Debug|Any CPU
		{AC45A0F8-4218-44CD-AEED-75A6DA5F2D94}.Debug|x86.Build.0 = Debug|Any CPU
		{AC45A0F8-4218-44CD-AEED-75A6DA5F2D94}.Release|Any CPU.ActiveCfg = Release|Any CPU
		{AC45A0F8-4218-44CD-AEED-75A6DA5F2D94}.Release|Any CPU.Build.0 = Release|Any CPU
		{AC45A0F8-4218-44CD-AEED-75A6DA5F2D94}.Release|x64.ActiveCfg = Release|Any CPU
		{AC45A0F8-4218-44CD-AEED-75A6DA5F2D94}.Release|x64.Build.0 = Release|Any CPU
		{AC45A0F8-4218-44CD-AEED-75A6DA5F2D94}.Release|x86.ActiveCfg = Release|Any CPU
		{AC45A0F8-4218-44CD-AEED-75A6DA5F2D94}.Release|x86.Build.0 = Release|Any CPU
		{71A6CF12-4081-4840-991D-8896A97A3DD4}.Debug|Any CPU.ActiveCfg = Debug|Any CPU
		{71A6CF12-4081-4840-991D-8896A97A3DD4}.Debug|Any CPU.Build.0 = Debug|Any CPU
		{71A6CF12-4081-4840-991D-8896A97A3DD4}.Debug|x64.ActiveCfg = Debug|Any CPU
		{71A6CF12-4081-4840-991D-8896A97A3DD4}.Debug|x64.Build.0 = Debug|Any CPU
		{71A6CF12-4081-4840-991D-8896A97A3DD4}.Debug|x86.ActiveCfg = Debug|Any CPU
		{71A6CF12-4081-4840-991D-8896A97A3DD4}.Debug|x86.Build.0 = Debug|Any CPU
		{71A6CF12-4081-4840-991D-8896A97A3DD4}.Release|Any CPU.ActiveCfg = Release|Any CPU
		{71A6CF12-4081-4840-991D-8896A97A3DD4}.Release|Any CPU.Build.0 = Release|Any CPU
		{71A6CF12-4081-4840-991D-8896A97A3DD4}.Release|x64.ActiveCfg = Release|Any CPU
		{71A6CF12-4081-4840-991D-8896A97A3DD4}.Release|x64.Build.0 = Release|Any CPU
		{71A6CF12-4081-4840-991D-8896A97A3DD4}.Release|x86.ActiveCfg = Release|Any CPU
		{71A6CF12-4081-4840-991D-8896A97A3DD4}.Release|x86.Build.0 = Release|Any CPU
		{0BD72019-7E6E-4ED2-82CB-316E8C92BB8E}.Debug|Any CPU.ActiveCfg = Debug|Any CPU
		{0BD72019-7E6E-4ED2-82CB-316E8C92BB8E}.Debug|Any CPU.Build.0 = Debug|Any CPU
		{0BD72019-7E6E-4ED2-82CB-316E8C92BB8E}.Debug|x64.ActiveCfg = Debug|Any CPU
		{0BD72019-7E6E-4ED2-82CB-316E8C92BB8E}.Debug|x64.Build.0 = Debug|Any CPU
		{0BD72019-7E6E-4ED2-82CB-316E8C92BB8E}.Debug|x86.ActiveCfg = Debug|Any CPU
		{0BD72019-7E6E-4ED2-82CB-316E8C92BB8E}.Debug|x86.Build.0 = Debug|Any CPU
		{0BD72019-7E6E-4ED2-82CB-316E8C92BB8E}.Release|Any CPU.ActiveCfg = Release|Any CPU
		{0BD72019-7E6E-4ED2-82CB-316E8C92BB8E}.Release|Any CPU.Build.0 = Release|Any CPU
		{0BD72019-7E6E-4ED2-82CB-316E8C92BB8E}.Release|x64.ActiveCfg = Release|Any CPU
		{0BD72019-7E6E-4ED2-82CB-316E8C92BB8E}.Release|x64.Build.0 = Release|Any CPU
		{0BD72019-7E6E-4ED2-82CB-316E8C92BB8E}.Release|x86.ActiveCfg = Release|Any CPU
		{0BD72019-7E6E-4ED2-82CB-316E8C92BB8E}.Release|x86.Build.0 = Release|Any CPU
		{5CB8E28E-E81E-4316-8910-FFC9E5DE8929}.Debug|Any CPU.ActiveCfg = Debug|Any CPU
		{5CB8E28E-E81E-4316-8910-FFC9E5DE8929}.Debug|Any CPU.Build.0 = Debug|Any CPU
		{5CB8E28E-E81E-4316-8910-FFC9E5DE8929}.Debug|x64.ActiveCfg = Debug|Any CPU
		{5CB8E28E-E81E-4316-8910-FFC9E5DE8929}.Debug|x64.Build.0 = Debug|Any CPU
		{5CB8E28E-E81E-4316-8910-FFC9E5DE8929}.Debug|x86.ActiveCfg = Debug|Any CPU
		{5CB8E28E-E81E-4316-8910-FFC9E5DE8929}.Debug|x86.Build.0 = Debug|Any CPU
		{5CB8E28E-E81E-4316-8910-FFC9E5DE8929}.Release|Any CPU.ActiveCfg = Release|Any CPU
		{5CB8E28E-E81E-4316-8910-FFC9E5DE8929}.Release|Any CPU.Build.0 = Release|Any CPU
		{5CB8E28E-E81E-4316-8910-FFC9E5DE8929}.Release|x64.ActiveCfg = Release|Any CPU
		{5CB8E28E-E81E-4316-8910-FFC9E5DE8929}.Release|x64.Build.0 = Release|Any CPU
		{5CB8E28E-E81E-4316-8910-FFC9E5DE8929}.Release|x86.ActiveCfg = Release|Any CPU
		{5CB8E28E-E81E-4316-8910-FFC9E5DE8929}.Release|x86.Build.0 = Release|Any CPU
	EndGlobalSection
	GlobalSection(SolutionProperties) = preSolution
		HideSolutionNode = FALSE
	EndGlobalSection
	GlobalSection(ExtensibilityGlobals) = postSolution
		SolutionGuid = {72E67692-B395-4CC0-8290-9EFC26437429}
	EndGlobalSection
EndGlobal
